Microsoft Visual Studio Solution File, Format Version 12.00
# Visual Studio Version 17
VisualStudioVersion = 17.5.2.0
MinimumVisualStudioVersion = 10.0.40219.1
Project("{2150E333-8FDC-42A3-9474-1A3956D46DE8}") = "MegamanX-Online-CE", "MegamanX-Online-CE", "{EE1D4B4E-5745-B1E0-0489-F71DF0489E03}"
EndProject
Project("{FAE04EC0-301F-11D3-BF4B-00C04F79EFBC}") = "MMXOD", "MMXOD.csproj", "{9452CAF3-AF01-7DBB-AC22-7DF65CA481C8}"
EndProject
Global
	GlobalSection(SolutionConfigurationPlatforms) = preSolution
		Debug|Any CPU = Debug|Any CPU
		Release|Any CPU = Release|Any CPU
	EndGlobalSection
	GlobalSection(ProjectConfigurationPlatforms) = postSolution
		{9452CAF3-AF01-7DBB-AC22-7DF65CA481C8}.Debug|Any CPU.ActiveCfg = Debug|Any CPU
		{9452CAF3-AF01-7DBB-AC22-7DF65CA481C8}.Debug|Any CPU.Build.0 = Debug|Any CPU
		{9452CAF3-AF01-7DBB-AC22-7DF65CA481C8}.Release|Any CPU.ActiveCfg = Release|Any CPU
		{9452CAF3-AF01-7DBB-AC22-7DF65CA481C8}.Release|Any CPU.Build.0 = Release|Any CPU
	EndGlobalSection
	GlobalSection(SolutionProperties) = preSolution
		HideSolutionNode = FALSE
	EndGlobalSection
	GlobalSection(NestedProjects) = preSolution
		{9452CAF3-AF01-7DBB-AC22-7DF65CA481C8} = {EE1D4B4E-5745-B1E0-0489-F71DF0489E03}
	EndGlobalSection
	GlobalSection(ExtensibilityGlobals) = postSolution
		SolutionGuid = {38D41415-84E1-4842-A89E-FAA3E0C117F5}
	EndGlobalSection
EndGlobal
